
Microsoft Visual Studio Solution File, Format Version 12.00
# Visual Studio 2015
Project("{FAE04EC0-301F-11D3-BF4B-00C04F79EFBC}") = "CapstonePrototype", "CapstonePrototype.csproj", "{22F0F7F5-87FD-136F-679A-F8E48268D87E}"
EndProject
Project("{FAE04EC0-301F-11D3-BF4B-00C04F79EFBC}") = "CapstonePrototype.Editor", "CapstonePrototype.Editor.csproj", "{0E7B7867-B4CB-8816-A2CA-F7230BEBA0F3}"
EndProject
Global
	GlobalSection(SolutionConfigurationPlatforms) = preSolution
		Debug|Any CPU = Debug|Any CPU
		Release|Any CPU = Release|Any CPU
	EndGlobalSection
	GlobalSection(ProjectConfigurationPlatforms) = postSolution
		{22F0F7F5-87FD-136F-679A-F8E48268D87E}.Debug|Any CPU.ActiveCfg = Debug|Any CPU
		{22F0F7F5-87FD-136F-679A-F8E48268D87E}.Debug|Any CPU.Build.0 = Debug|Any CPU
		{22F0F7F5-87FD-136F-679A-F8E48268D87E}.Release|Any CPU.ActiveCfg = Release|Any CPU
		{22F0F7F5-87FD-136F-679A-F8E48268D87E}.Release|Any CPU.Build.0 = Release|Any CPU
		{0E7B7867-B4CB-8816-A2CA-F7230BEBA0F3}.Debug|Any CPU.ActiveCfg = Debug|Any CPU
		{0E7B7867-B4CB-8816-A2CA-F7230BEBA0F3}.Debug|Any CPU.Build.0 = Debug|Any CPU
		{0E7B7867-B4CB-8816-A2CA-F7230BEBA0F3}.Release|Any CPU.ActiveCfg = Release|Any CPU
		{0E7B7867-B4CB-8816-A2CA-F7230BEBA0F3}.Release|Any CPU.Build.0 = Release|Any CPU
	EndGlobalSection
	GlobalSection(SolutionProperties) = preSolution
		HideSolutionNode = FALSE
	EndGlobalSection
EndGlobal
